
Microsoft Visual Studio Solution File, Format Version 12.00
# Visual Studio 15
VisualStudioVersion = 15.0.28307.852
MinimumVisualStudioVersion = 10.0.40219.1
Project("{FAE04EC0-301F-11D3-BF4B-00C04F79EFBC}") = "Task3HW12", "Task3HW12\Task3HW12.csproj", "{059852D2-EB50-4E6D-ABE2-E24E5E2C5659}"
EndProject
Global
	GlobalSection(SolutionConfigurationPlatforms) = preSolution
		Debug|Any CPU = Debug|Any CPU
		Release|Any CPU = Release|Any CPU
	EndGlobalSection
	GlobalSection(ProjectConfigurationPlatforms) = postSolution
		{059852D2-EB50-4E6D-ABE2-E24E5E2C5659}.Debug|Any CPU.ActiveCfg = Debug|Any CPU
		{059852D2-EB50-4E6D-ABE2-E24E5E2C5659}.Debug|Any CPU.Build.0 = Debug|Any CPU
		{059852D2-EB50-4E6D-ABE2-E24E5E2C5659}.Release|Any CPU.ActiveCfg = Release|Any CPU
		{059852D2-EB50-4E6D-ABE2-E24E5E2C5659}.Release|Any CPU.Build.0 = Release|Any CPU
	EndGlobalSection
	GlobalSection(SolutionProperties) = preSolution
		HideSolutionNode = FALSE
	EndGlobalSection
	GlobalSection(ExtensibilityGlobals) = postSolution
		SolutionGuid = {48503EED-53D5-4CE9-BCC3-79BABBAA9C96}
	EndGlobalSection
EndGlobal
